
Microsoft Visual Studio Solution File, Format Version 12.00
# Visual Studio Version 17
VisualStudioVersion = 17.10.35004.147
MinimumVisualStudioVersion = 10.0.40219.1
Project("{FAE04EC0-301F-11D3-BF4B-00C04F79EFBC}") = "BasicPWADemo", "BasicPWADemo\BasicPWADemo.csproj", "{34968915-CCB6-43FB-B786-C3E7E42D352D}"
EndProject
Global
	GlobalSection(SolutionConfigurationPlatforms) = preSolution
		Debug|Any CPU = Debug|Any CPU
		Release|Any CPU = Release|Any CPU
	EndGlobalSection
	GlobalSection(ProjectConfigurationPlatforms) = postSolution
		{34968915-CCB6-43FB-B786-C3E7E42D352D}.Debug|Any CPU.ActiveCfg = Debug|Any CPU
		{34968915-CCB6-43FB-B786-C3E7E42D352D}.Debug|Any CPU.Build.0 = Debug|Any CPU
		{34968915-CCB6-43FB-B786-C3E7E42D352D}.Release|Any CPU.ActiveCfg = Release|Any CPU
		{34968915-CCB6-43FB-B786-C3E7E42D352D}.Release|Any CPU.Build.0 = Release|Any CPU
	EndGlobalSection
	GlobalSection(SolutionProperties) = preSolution
		HideSolutionNode = FALSE
	EndGlobalSection
	GlobalSection(ExtensibilityGlobals) = postSolution
		SolutionGuid = {283322CD-4434-4A7D-8945-411A4C62AA69}
	EndGlobalSection
EndGlobal
